
Microsoft Visual Studio Solution File, Format Version 12.00
# Visual Studio Version 17
VisualStudioVersion = 17.4.33205.214
MinimumVisualStudioVersion = 10.0.40219.1
Project("{FAE04EC0-301F-11D3-BF4B-00C04F79EFBC}") = "problem_1", "problem_1\problem_1.csproj", "{203A7250-4BD4-4FE1-A941-B8288A04B134}"
EndProject
Project("{FAE04EC0-301F-11D3-BF4B-00C04F79EFBC}") = "problem_2", "problem_2\problem_2.csproj", "{0925B1FA-27C5-4A3A-9AB8-D885B6FCC6B2}"
EndProject
Project("{FAE04EC0-301F-11D3-BF4B-00C04F79EFBC}") = "problem_3", "problem_3\problem_3.csproj", "{C19D8807-2749-4E2D-9297-B2FB3D6EB1B7}"
EndProject
Project("{FAE04EC0-301F-11D3-BF4B-00C04F79EFBC}") = "problem_4", "problem_4\problem_4.csproj", "{CFE7FDB2-12E5-4D4F-989A-F7D7ECDA1226}"
EndProject
Global
	GlobalSection(SolutionConfigurationPlatforms) = preSolution
		Debug|Any CPU = Debug|Any CPU
		Release|Any CPU = Release|Any CPU
	EndGlobalSection
	GlobalSection(ProjectConfigurationPlatforms) = postSolution
		{203A7250-4BD4-4FE1-A941-B8288A04B134}.Debug|Any CPU.ActiveCfg = Debug|Any CPU
		{203A7250-4BD4-4FE1-A941-B8288A04B134}.Debug|Any CPU.Build.0 = Debug|Any CPU
		{203A7250-4BD4-4FE1-A941-B8288A04B134}.Release|Any CPU.ActiveCfg = Release|Any CPU
		{203A7250-4BD4-4FE1-A941-B8288A04B134}.Release|Any CPU.Build.0 = Release|Any CPU
		{0925B1FA-27C5-4A3A-9AB8-D885B6FCC6B2}.Debug|Any CPU.ActiveCfg = Debug|Any CPU
		{0925B1FA-27C5-4A3A-9AB8-D885B6FCC6B2}.Debug|Any CPU.Build.0 = Debug|Any CPU
		{0925B1FA-27C5-4A3A-9AB8-D885B6FCC6B2}.Release|Any CPU.ActiveCfg = Release|Any CPU
		{0925B1FA-27C5-4A3A-9AB8-D885B6FCC6B2}.Release|Any CPU.Build.0 = Release|Any CPU
		{C19D8807-2749-4E2D-9297-B2FB3D6EB1B7}.Debug|Any CPU.ActiveCfg = Debug|Any CPU
		{C19D8807-2749-4E2D-9297-B2FB3D6EB1B7}.Debug|Any CPU.Build.0 = Debug|Any CPU
		{C19D8807-2749-4E2D-9297-B2FB3D6EB1B7}.Release|Any CPU.ActiveCfg = Release|Any CPU
		{C19D8807-2749-4E2D-9297-B2FB3D6EB1B7}.Release|Any CPU.Build.0 = Release|Any CPU
		{CFE7FDB2-12E5-4D4F-989A-F7D7ECDA1226}.Debug|Any CPU.ActiveCfg = Debug|Any CPU
		{CFE7FDB2-12E5-4D4F-989A-F7D7ECDA1226}.Debug|Any CPU.Build.0 = Debug|Any CPU
		{CFE7FDB2-12E5-4D4F-989A-F7D7ECDA1226}.Release|Any CPU.ActiveCfg = Release|Any CPU
		{CFE7FDB2-12E5-4D4F-989A-F7D7ECDA1226}.Release|Any CPU.Build.0 = Release|Any CPU
	EndGlobalSection
	GlobalSection(SolutionProperties) = preSolution
		HideSolutionNode = FALSE
	EndGlobalSection
	GlobalSection(ExtensibilityGlobals) = postSolution
		SolutionGuid = {4024ED5B-1474-4A4C-B680-102D7E73A148}
	EndGlobalSection
EndGlobal
